github.com/dynasmon/Seagull-contracts v0.14.0 h1:9TWHG4PDu7dM2H4tklGgQGxYEvf5UUTFAredEF1gqNs=
github.com/dynasmon/Seagull-contracts v0.14.0/go.mod h1:QN56AzRnqbOXXvO0aWwqh55fH487cIxllpQ4sPPgYf4=
github.com/google/go-cmp v0.7.0 h1:wk8382ETsv4JYUZwIsn6YpYiWiBsYLSJiTsyBybVuN8=
github.com/google/go-cmp v0.7.0/go.mod h1:pXiqmnSA92OHEEa9HXL2W4E7lf9JzCmGVUdgjX3N/iU=
google.golang.org/protobuf v1.36.11 h1:fV6ZwhNocDyBLK0dj+fg8ektcVegBBuEolpbTQyBNVE=
google.golang.org/protobuf v1.36.11/go.mod h1:HTf+CrKn2C3g5S8VImy6tdcUvCska2kB7j23XfzDpco=
